
Microsoft Visual Studio Solution File, Format Version 12.00
Project("{FAE04EC0-301F-11D3-BF4B-00C04F79EFBC}") = "AnimalsFactory", "AnimalsFactory\AnimalsFactory.csproj", "{0E087B06-2925-47C0-A50A-B8EF5F484252}"
EndProject
Project("{FAE04EC0-301F-11D3-BF4B-00C04F79EFBC}") = "AnimalsFactoryNetCore", "AnimalsFactoryNetCore\AnimalsFactoryNetCore.csproj", "{9ED5AEC4-4DC6-4BBF-AC9E-3F2662264F99}"
EndProject
Global
	GlobalSection(SolutionConfigurationPlatforms) = preSolution
		Debug|Any CPU = Debug|Any CPU
		Release|Any CPU = Release|Any CPU
	EndGlobalSection
	GlobalSection(ProjectConfigurationPlatforms) = postSolution
		{0E087B06-2925-47C0-A50A-B8EF5F484252}.Debug|Any CPU.ActiveCfg = Debug|Any CPU
		{0E087B06-2925-47C0-A50A-B8EF5F484252}.Debug|Any CPU.Build.0 = Debug|Any CPU
		{0E087B06-2925-47C0-A50A-B8EF5F484252}.Release|Any CPU.ActiveCfg = Release|Any CPU
		{0E087B06-2925-47C0-A50A-B8EF5F484252}.Release|Any CPU.Build.0 = Release|Any CPU
		{9ED5AEC4-4DC6-4BBF-AC9E-3F2662264F99}.Debug|Any CPU.ActiveCfg = Debug|Any CPU
		{9ED5AEC4-4DC6-4BBF-AC9E-3F2662264F99}.Debug|Any CPU.Build.0 = Debug|Any CPU
		{9ED5AEC4-4DC6-4BBF-AC9E-3F2662264F99}.Release|Any CPU.ActiveCfg = Release|Any CPU
		{9ED5AEC4-4DC6-4BBF-AC9E-3F2662264F99}.Release|Any CPU.Build.0 = Release|Any CPU
	EndGlobalSection
EndGlobal
